// !$*UTF8*$!
{
	archiveVersion = 1;
	classes = {
	};
	objectVersion = 56;
	objects = {

/* Begin PBXBuildFile section */
		6572ECC1298C0D3E00D6CAC0 /* main.swift in Sources */ = {isa = PBXBuildFile; fileRef = 6572ECC0298C0CBD00D6CAC0 /* main.swift */; };
/* End PBXBuildFile section */

/* Begin PBXCopyFilesBuildPhase section */
		65C94A92298119020013E8FB /* CopyFiles */ = {
			isa = PBXCopyFilesBuildPhase;
			buildActionMask = 2147483647;
			dstPath = /usr/share/man/man1/;
			dstSubfolderSpec = 0;
			files = (
			);
			runOnlyForDeploymentPostprocessing = 1;
		};
/* End PBXCopyFilesBuildPhase section */

/* Begin PBXFileReference section */
		652683DF298158F000AD8450 /* 2739.swift */ = {isa = PBXFileReference; lastKnownFileType = sourcecode.swift; path = 2739.swift; sourceTree = "<group>"; };
		655AE21B298A6CB00067CB91 /* 10871.swift */ = {isa = PBXFileReference; lastKnownFileType = sourcecode.swift; path = 10871.swift; sourceTree = "<group>"; };
		655AE21D298A83A90067CB91 /* 10818.swift */ = {isa = PBXFileReference; lastKnownFileType = sourcecode.swift; path = 10818.swift; sourceTree = "<group>"; };
		655AE21F298A956A0067CB91 /* 2562.swift */ = {isa = PBXFileReference; lastKnownFileType = sourcecode.swift; path = 2562.swift; sourceTree = "<group>"; };
		655AE221298A9E370067CB91 /* 5597.swift */ = {isa = PBXFileReference; lastKnownFileType = sourcecode.swift; path = 5597.swift; sourceTree = "<group>"; };
		6572ECB9298AA57B00D6CAC0 /* 3052.swift */ = {isa = PBXFileReference; lastKnownFileType = sourcecode.swift; path = 3052.swift; sourceTree = "<group>"; };
		6572ECBB298AA82E00D6CAC0 /* 1546.swift */ = {isa = PBXFileReference; lastKnownFileType = sourcecode.swift; path = 1546.swift; sourceTree = "<group>"; };
		6572ECBE298C011B00D6CAC0 /* 8958.swift */ = {isa = PBXFileReference; lastKnownFileType = sourcecode.swift; path = 8958.swift; sourceTree = "<group>"; };
		6572ECC0298C0CBD00D6CAC0 /* main.swift */ = {isa = PBXFileReference; lastKnownFileType = sourcecode.swift; path = main.swift; sourceTree = "<group>"; };
		65C94A94298119020013E8FB /* BAEKJOON */ = {isa = PBXFileReference; explicitFileType = "compiled.mach-o.executable"; includeInIndex = 0; path = BAEKJOON; sourceTree = BUILT_PRODUCTS_DIR; };
		65C94A9F2981193E0013E8FB /* 10171.swift */ = {isa = PBXFileReference; fileEncoding = 4; lastKnownFileType = sourcecode.swift; path = 10171.swift; sourceTree = "<group>"; };
		65C94AA02981193E0013E8FB /* 10430.swift */ = {isa = PBXFileReference; fileEncoding = 4; lastKnownFileType = sourcecode.swift; path = 10430.swift; sourceTree = "<group>"; };
		65C94AA12981193E0013E8FB /* 10172.swift */ = {isa = PBXFileReference; fileEncoding = 4; lastKnownFileType = sourcecode.swift; path = 10172.swift; sourceTree = "<group>"; };
		65C94AA22981193E0013E8FB /* 3003.swift */ = {isa = PBXFileReference; fileEncoding = 4; lastKnownFileType = sourcecode.swift; path = 3003.swift; sourceTree = "<group>"; };
		65C94AA32981193E0013E8FB /* 10869.swift */ = {isa = PBXFileReference; fileEncoding = 4; lastKnownFileType = sourcecode.swift; path = 10869.swift; sourceTree = "<group>"; };
		65C94AA42981193E0013E8FB /* 25083.swift */ = {isa = PBXFileReference; fileEncoding = 4; lastKnownFileType = sourcecode.swift; path = 25083.swift; sourceTree = "<group>"; };
		65C94AA52981193E0013E8FB /* 10926.swift */ = {isa = PBXFileReference; fileEncoding = 4; lastKnownFileType = sourcecode.swift; path = 10926.swift; sourceTree = "<group>"; };
		65C94AA62981193E0013E8FB /* 2588.swift */ = {isa = PBXFileReference; fileEncoding = 4; lastKnownFileType = sourcecode.swift; path = 2588.swift; sourceTree = "<group>"; };
		65C94AA72981193E0013E8FB /* 18108.swift */ = {isa = PBXFileReference; fileEncoding = 4; lastKnownFileType = sourcecode.swift; path = 18108.swift; sourceTree = "<group>"; };
		65C94AB229811B5F0013E8FB /* 1330.swift */ = {isa = PBXFileReference; lastKnownFileType = sourcecode.swift; path = 1330.swift; sourceTree = "<group>"; };
		65C94AB429811F710013E8FB /* 9498.swift */ = {isa = PBXFileReference; lastKnownFileType = sourcecode.swift; path = 9498.swift; sourceTree = "<group>"; };
		65C94AB6298120580013E8FB /* 2753.swift */ = {isa = PBXFileReference; lastKnownFileType = sourcecode.swift; path = 2753.swift; sourceTree = "<group>"; };
		65C94AB82981222C0013E8FB /* 14681.swift */ = {isa = PBXFileReference; lastKnownFileType = sourcecode.swift; path = 14681.swift; sourceTree = "<group>"; };
		65C94ABD29813CFD0013E8FB /* 2884.swift */ = {isa = PBXFileReference; lastKnownFileType = sourcecode.swift; path = 2884.swift; sourceTree = "<group>"; };
		65C94AC0298143D90013E8FB /* 2525.swift */ = {isa = PBXFileReference; lastKnownFileType = sourcecode.swift; path = 2525.swift; sourceTree = "<group>"; };
		65C94AC229814FE70013E8FB /* 2480.swift */ = {isa = PBXFileReference; lastKnownFileType = sourcecode.swift; path = 2480.swift; sourceTree = "<group>"; };
		65E95D5F298965B90081A58B /* 10950.swift */ = {isa = PBXFileReference; lastKnownFileType = sourcecode.swift; path = 10950.swift; sourceTree = "<group>"; };
		65E95D6129896B330081A58B /* 8393.swift */ = {isa = PBXFileReference; lastKnownFileType = sourcecode.swift; path = 8393.swift; sourceTree = "<group>"; };
		65E95D6329896DA90081A58B /* 25304.swift */ = {isa = PBXFileReference; lastKnownFileType = sourcecode.swift; path = 25304.swift; sourceTree = "<group>"; };
		65E95D652989774F0081A58B /* 15552.swift */ = {isa = PBXFileReference; lastKnownFileType = sourcecode.swift; path = 15552.swift; sourceTree = "<group>"; };
		65E95D6729897ED50081A58B /* 11021.swift */ = {isa = PBXFileReference; lastKnownFileType = sourcecode.swift; path = 11021.swift; sourceTree = "<group>"; };
		65E95D6929897FE90081A58B /* 11022.swift */ = {isa = PBXFileReference; lastKnownFileType = sourcecode.swift; path = 11022.swift; sourceTree = "<group>"; };
		65E95D6B298980740081A58B /* 2438.swift */ = {isa = PBXFileReference; lastKnownFileType = sourcecode.swift; path = 2438.swift; sourceTree = "<group>"; };
		65E95D6D298982C30081A58B /* 2439.swift */ = {isa = PBXFileReference; lastKnownFileType = sourcecode.swift; path = 2439.swift; sourceTree = "<group>"; };
		65E95D6F29898B350081A58B /* 10952.swift */ = {isa = PBXFileReference; lastKnownFileType = sourcecode.swift; path = 10952.swift; sourceTree = "<group>"; };
		65E95D7129898D110081A58B /* 10951.swift */ = {isa = PBXFileReference; lastKnownFileType = sourcecode.swift; path = 10951.swift; sourceTree = "<group>"; };
		65E95D7329898DC80081A58B /* 1110.swift */ = {isa = PBXFileReference; lastKnownFileType = sourcecode.swift; path = 1110.swift; sourceTree = "<group>"; };
		65E95D76298A68220081A58B /* 10807.swift */ = {isa = PBXFileReference; lastKnownFileType = sourcecode.swift; path = 10807.swift; sourceTree = "<group>"; };
/* End PBXFileReference section */

/* Begin PBXFrameworksBuildPhase section */
		65C94A91298119020013E8FB /* Frameworks */ = {
			isa = PBXFrameworksBuildPhase;
			buildActionMask = 2147483647;
			files = (
			);
			runOnlyForDeploymentPostprocessing = 0;
		};
/* End PBXFrameworksBuildPhase section */

/* Begin PBXGroup section */
		652683DE298158E400AD8450 /* 백준 3단계 */ = {
			isa = PBXGroup;
			children = (
				652683DF298158F000AD8450 /* 2739.swift */,
				65E95D5F298965B90081A58B /* 10950.swift */,
				65E95D6129896B330081A58B /* 8393.swift */,
				65E95D6329896DA90081A58B /* 25304.swift */,
				65E95D652989774F0081A58B /* 15552.swift */,
				65E95D6729897ED50081A58B /* 11021.swift */,
				65E95D6929897FE90081A58B /* 11022.swift */,
				65E95D6B298980740081A58B /* 2438.swift */,
				65E95D6D298982C30081A58B /* 2439.swift */,
				65E95D6F29898B350081A58B /* 10952.swift */,
				65E95D7129898D110081A58B /* 10951.swift */,
				65E95D7329898DC80081A58B /* 1110.swift */,
			);
			name = "백준 3단계";
			path = "백준 3단계";
			sourceTree = "<group>";
		};
		65C94A8B298119020013E8FB = {
			isa = PBXGroup;
			children = (
				65E95D75298A68130081A58B /* 백준 4단계 */,
				652683DE298158E400AD8450 /* 백준 3단계 */,
				65C94AB129811A7E0013E8FB /* 백준 2단계 */,
				65C94A9E298119180013E8FB /* 백준 1단계 */,
				65C94A95298119020013E8FB /* Products */,
			);
			sourceTree = "<group>";
		};
		65C94A95298119020013E8FB /* Products */ = {
			isa = PBXGroup;
			children = (
				65C94A94298119020013E8FB /* BAEKJOON */,
			);
			name = Products;
			sourceTree = "<group>";
		};
		65C94A9E298119180013E8FB /* 백준 1단계 */ = {
			isa = PBXGroup;
			children = (
				65C94AA32981193E0013E8FB /* 10869.swift */,
				65C94AA52981193E0013E8FB /* 10926.swift */,
				65C94AA72981193E0013E8FB /* 18108.swift */,
				65C94AA22981193E0013E8FB /* 3003.swift */,
				65C94AA02981193E0013E8FB /* 10430.swift */,
				65C94AA62981193E0013E8FB /* 2588.swift */,
				65C94A9F2981193E0013E8FB /* 10171.swift */,
				65C94AA12981193E0013E8FB /* 10172.swift */,
				65C94AA42981193E0013E8FB /* 25083.swift */,
			);
			name = "백준 1단계";
			path = "백준 1단계";
			sourceTree = "<group>";
		};
		65C94AB129811A7E0013E8FB /* 백준 2단계 */ = {
			isa = PBXGroup;
			children = (
				65C94AB229811B5F0013E8FB /* 1330.swift */,
				65C94AB429811F710013E8FB /* 9498.swift */,
				65C94AB6298120580013E8FB /* 2753.swift */,
				65C94AB82981222C0013E8FB /* 14681.swift */,
				65C94ABD29813CFD0013E8FB /* 2884.swift */,
				65C94AC0298143D90013E8FB /* 2525.swift */,
				65C94AC229814FE70013E8FB /* 2480.swift */,
			);
			name = "백준 2단계";
			path = "백준 2단계";
			sourceTree = "<group>";
		};
		65E95D75298A68130081A58B /* 백준 4단계 */ = {
			isa = PBXGroup;
			children = (
				65E95D76298A68220081A58B /* 10807.swift */,
				655AE21B298A6CB00067CB91 /* 10871.swift */,
				655AE21D298A83A90067CB91 /* 10818.swift */,
				655AE21F298A956A0067CB91 /* 2562.swift */,
				655AE221298A9E370067CB91 /* 5597.swift */,
				6572ECB9298AA57B00D6CAC0 /* 3052.swift */,
				6572ECBB298AA82E00D6CAC0 /* 1546.swift */,
				6572ECBE298C011B00D6CAC0 /* 8958.swift */,
				6572ECC0298C0CBD00D6CAC0 /* main.swift */,
			);
			name = "백준 4단계";
			path = "백준 4단계";
			sourceTree = "<group>";
		};
/* End PBXGroup section */

/* Begin PBXNativeTarget section */
		65C94A93298119020013E8FB /* BAEKJOON */ = {
			isa = PBXNativeTarget;
			buildConfigurationList = 65C94A9B298119020013E8FB /* Build configuration list for PBXNativeTarget "BAEKJOON" */;
			buildPhases = (
				65C94A90298119020013E8FB /* Sources */,
				65C94A91298119020013E8FB /* Frameworks */,
				65C94A92298119020013E8FB /* CopyFiles */,
			);
			buildRules = (
			);
			dependencies = (
			);
			name = BAEKJOON;
			productName = BAEKJOON;
			productReference = 65C94A94298119020013E8FB /* BAEKJOON */;
			productType = "com.apple.product-type.tool";
		};
/* End PBXNativeTarget section */

/* Begin PBXProject section */
		65C94A8C298119020013E8FB /* Project object */ = {
			isa = PBXProject;
			attributes = {
				BuildIndependentTargetsInParallel = 1;
				LastSwiftUpdateCheck = 1420;
				LastUpgradeCheck = 1420;
				TargetAttributes = {
					65C94A93298119020013E8FB = {
						CreatedOnToolsVersion = 14.2;
						LastSwiftMigration = 1420;
					};
				};
			};
			buildConfigurationList = 65C94A8F298119020013E8FB /* Build configuration list for PBXProject "BAEKJOON" */;
			compatibilityVersion = "Xcode 14.0";
			developmentRegion = en;
			hasScannedForEncodings = 0;
			knownRegions = (
				en,
				Base,
			);
			mainGroup = 65C94A8B298119020013E8FB;
			productRefGroup = 65C94A95298119020013E8FB /* Products */;
			projectDirPath = "";
			projectRoot = "";
			targets = (
				65C94A93298119020013E8FB /* BAEKJOON */,
			);
		};
/* End PBXProject section */

/* Begin PBXSourcesBuildPhase section */
		65C94A90298119020013E8FB /* Sources */ = {
			isa = PBXSourcesBuildPhase;
			buildActionMask = 2147483647;
			files = (
				6572ECC1298C0D3E00D6CAC0 /* main.swift in Sources */,
			);
			runOnlyForDeploymentPostprocessing = 0;
		};
/* End PBXSourcesBuildPhase section */

/* Begin XCBuildConfiguration section */
		65C94A99298119020013E8FB /* Debug */ = {
			isa = XCBuildConfiguration;
			buildSettings = {
				ALWAYS_SEARCH_USER_PATHS = NO;
				CLANG_ANALYZER_NONNULL = YES;
				CLANG_ANALYZER_NUMBER_OBJECT_CONVERSION = YES_AGGRESSIVE;
				CLANG_CXX_LANGUAGE_STANDARD = "gnu++20";
				CLANG_ENABLE_MODULES = YES;
				CLANG_ENABLE_OBJC_ARC = YES;
				CLANG_ENABLE_OBJC_WEAK = YES;
				CLANG_WARN_BLOCK_CAPTURE_AUTORELEASING = YES;
				CLANG_WARN_BOOL_CONVERSION = YES;
				CLANG_WARN_COMMA = YES;
				CLANG_WARN_CONSTANT_CONVERSION = YES;
				CLANG_WARN_DEPRECATED_OBJC_IMPLEMENTATIONS = YES;
				CLANG_WARN_DIRECT_OBJC_ISA_USAGE = YES_ERROR;
				CLANG_WARN_DOCUMENTATION_COMMENTS = YES;
				CLANG_WARN_EMPTY_BODY = YES;
				CLANG_WARN_ENUM_CONVERSION = YES;
				CLANG_WARN_INFINITE_RECURSION = YES;
				CLANG_WARN_INT_CONVERSION = YES;
				CLANG_WARN_NON_LITERAL_NULL_CONVERSION = YES;
				CLANG_WARN_OBJC_IMPLICIT_RETAIN_SELF = YES;
				CLANG_WARN_OBJC_LITERAL_CONVERSION = YES;
				CLANG_WARN_OBJC_ROOT_CLASS = YES_ERROR;
				CLANG_WARN_QUOTED_INCLUDE_IN_FRAMEWORK_HEADER = YES;
				CLANG_WARN_RANGE_LOOP_ANALYSIS = YES;
				CLANG_WARN_STRICT_PROTOTYPES = YES;
				CLANG_WARN_SUSPICIOUS_MOVE = YES;
				CLANG_WARN_UNGUARDED_AVAILABILITY = YES_AGGRESSIVE;
				CLANG_WARN_UNREACHABLE_CODE = YES;
				CLANG_WARN__DUPLICATE_METHOD_MATCH = YES;
				COPY_PHASE_STRIP = NO;
				DEBUG_INFORMATION_FORMAT = dwarf;
				ENABLE_STRICT_OBJC_MSGSEND = YES;
				ENABLE_TESTABILITY = YES;
				GCC_C_LANGUAGE_STANDARD = gnu11;
				GCC_DYNAMIC_NO_PIC = NO;
				GCC_NO_COMMON_BLOCKS = YES;
				GCC_OPTIMIZATION_LEVEL = 0;
				GCC_PREPROCESSOR_DEFINITIONS = (
					"DEBUG=1",
					"$(inherited)",
				);
				GCC_WARN_64_TO_32_BIT_CONVERSION = YES;
				GCC_WARN_ABOUT_RETURN_TYPE = YES_ERROR;
				GCC_WARN_UNDECLARED_SELECTOR = YES;
				GCC_WARN_UNINITIALIZED_AUTOS = YES_AGGRESSIVE;
				GCC_WARN_UNUSED_FUNCTION = YES;
				GCC_WARN_UNUSED_VARIABLE = YES;
				MACOSX_DEPLOYMENT_TARGET = 13.1;
				MTL_ENABLE_DEBUG_INFO = INCLUDE_SOURCE;
				MTL_FAST_MATH = YES;
				ONLY_ACTIVE_ARCH = YES;
				SDKROOT = macosx;
				SWIFT_ACTIVE_COMPILATION_CONDITIONS = DEBUG;
				SWIFT_OPTIMIZATION_LEVEL = "-Onone";
			};
			name = Debug;
		};
		65C94A9A298119020013E8FB /* Release */ = {
			isa = XCBuildConfiguration;
			buildSettings = {
				ALWAYS_SEARCH_USER_PATHS = NO;
				CLANG_ANALYZER_NONNULL = YES;
				CLANG_ANALYZER_NUMBER_OBJECT_CONVERSION = YES_AGGRESSIVE;
				CLANG_CXX_LANGUAGE_STANDARD = "gnu++20";
				CLANG_ENABLE_MODULES = YES;
				CLANG_ENABLE_OBJC_ARC = YES;
				CLANG_ENABLE_OBJC_WEAK = YES;
				CLANG_WARN_BLOCK_CAPTURE_AUTORELEASING = YES;
				CLANG_WARN_BOOL_CONVERSION = YES;
				CLANG_WARN_COMMA = YES;
				CLANG_WARN_CONSTANT_CONVERSION = YES;
				CLANG_WARN_DEPRECATED_OBJC_IMPLEMENTATIONS = YES;
				CLANG_WARN_DIRECT_OBJC_ISA_USAGE = YES_ERROR;
				CLANG_WARN_DOCUMENTATION_COMMENTS = YES;
				CLANG_WARN_EMPTY_BODY = YES;
				CLANG_WARN_ENUM_CONVERSION = YES;
				CLANG_WARN_INFINITE_RECURSION = YES;
				CLANG_WARN_INT_CONVERSION = YES;
				CLANG_WARN_NON_LITERAL_NULL_CONVERSION = YES;
				CLANG_WARN_OBJC_IMPLICIT_RETAIN_SELF = YES;
				CLANG_WARN_OBJC_LITERAL_CONVERSION = YES;
				CLANG_WARN_OBJC_ROOT_CLASS = YES_ERROR;
				CLANG_WARN_QUOTED_INCLUDE_IN_FRAMEWORK_HEADER = YES;
				CLANG_WARN_RANGE_LOOP_ANALYSIS = YES;
				CLANG_WARN_STRICT_PROTOTYPES = YES;
				CLANG_WARN_SUSPICIOUS_MOVE = YES;
				CLANG_WARN_UNGUARDED_AVAILABILITY = YES_AGGRESSIVE;
				CLANG_WARN_UNREACHABLE_CODE = YES;
				CLANG_WARN__DUPLICATE_METHOD_MATCH = YES;
				COPY_PHASE_STRIP = NO;
				DEBUG_INFORMATION_FORMAT = "dwarf-with-dsym";
				ENABLE_NS_ASSERTIONS = NO;
				ENABLE_STRICT_OBJC_MSGSEND = YES;
				GCC_C_LANGUAGE_STANDARD = gnu11;
				GCC_NO_COMMON_BLOCKS = YES;
				GCC_WARN_64_TO_32_BIT_CONVERSION = YES;
				GCC_WARN_ABOUT_RETURN_TYPE = YES_ERROR;
				GCC_WARN_UNDECLARED_SELECTOR = YES;
				GCC_WARN_UNINITIALIZED_AUTOS = YES_AGGRESSIVE;
				GCC_WARN_UNUSED_FUNCTION = YES;
				GCC_WARN_UNUSED_VARIABLE = YES;
				MACOSX_DEPLOYMENT_TARGET = 13.1;
				MTL_ENABLE_DEBUG_INFO = NO;
				MTL_FAST_MATH = YES;
				SDKROOT = macosx;
				SWIFT_COMPILATION_MODE = wholemodule;
				SWIFT_OPTIMIZATION_LEVEL = "-O";
			};
			name = Release;
		};
		65C94A9C298119020013E8FB /* Debug */ = {
			isa = XCBuildConfiguration;
			buildSettings = {
				CLANG_ENABLE_MODULES = YES;
				CODE_SIGN_STYLE = Automatic;
				DEVELOPMENT_TEAM = ZG488AACV6;
				ENABLE_HARDENED_RUNTIME = YES;
				LD_RUNPATH_SEARCH_PATHS = (
					"$(inherited)",
					"@executable_path/../Frameworks",
					"@loader_path/../Frameworks",
				);
				PRODUCT_NAME = "$(TARGET_NAME)";
				SWIFT_OPTIMIZATION_LEVEL = "-Onone";
				SWIFT_VERSION = 5.0;
			};
			name = Debug;
		};
		65C94A9D298119020013E8FB /* Release */ = {
			isa = XCBuildConfiguration;
			buildSettings = {
				CLANG_ENABLE_MODULES = YES;
				CODE_SIGN_STYLE = Automatic;
				DEVELOPMENT_TEAM = ZG488AACV6;
				ENABLE_HARDENED_RUNTIME = YES;
				LD_RUNPATH_SEARCH_PATHS = (
					"$(inherited)",
					"@executable_path/../Frameworks",
					"@loader_path/../Frameworks",
				);
				PRODUCT_NAME = "$(TARGET_NAME)";
				SWIFT_VERSION = 5.0;
			};
			name = Release;
		};
/* End XCBuildConfiguration section */

/* Begin XCConfigurationList section */
		65C94A8F298119020013E8FB /* Build configuration list for PBXProject "BAEKJOON" */ = {
			isa = XCConfigurationList;
			buildConfigurations = (
				65C94A99298119020013E8FB /* Debug */,
				65C94A9A298119020013E8FB /* Release */,
			);
			defaultConfigurationIsVisible = 0;
			defaultConfigurationName = Release;
		};
		65C94A9B298119020013E8FB /* Build configuration list for PBXNativeTarget "BAEKJOON" */ = {
			isa = XCConfigurationList;
			buildConfigurations = (
				65C94A9C298119020013E8FB /* Debug */,
				65C94A9D298119020013E8FB /* Release */,
			);
			defaultConfigurationIsVisible = 0;
			defaultConfigurationName = Release;
		};
/* End XCConfigurationList section */
	};
	rootObject = 65C94A8C298119020013E8FB /* Project object */;
}
